# This file is automatically @generated by Cargo.
# It is not intended for manual editing.
version = 3

[[package]]
name = "command_line_int"
version = "0.1.0"
dependencies = [
 "nylisp_eval",
]

[[package]]
name = "nylisp_eval"
version = "0.1.0"
source = "registry+https://github.com/rust-lang/crates.io-index"
checksum = "77957aef1acbcb8afdd33cb1a4efe57beecc91a999bf9bb412347896f4726a5f"
